// !$*UTF8*$!
{
	archiveVersion = 1;
	classes = {
	};
	objectVersion = 77;
	objects = {

/* Begin PBXBuildFile section */
		85E4A8092F295298001B09B8 /* WidgetKit.framework in Frameworks */ = {isa = PBXBuildFile; fileRef = 85E4A8082F295297001B09B8 /* WidgetKit.framework */; };
		85E4A80B2F295298001B09B8 /* SwiftUI.framework in Frameworks */ = {isa = PBXBuildFile; fileRef = 85E4A80A2F295298001B09B8 /* SwiftUI.framework */; };
		85E4A81A2F295298001B09B8 /* WorkWalkWidgetExtension.appex in Embed Foundation Extensions */ = {isa = PBXBuildFile; fileRef = 85E4A8062F295297001B09B8 /* WorkWalkWidgetExtension.appex */; settings = {ATTRIBUTES = (RemoveHeadersOnCopy, ); }; };
		85FE7ADC2F2B71C500DEC4BF /* WorkWalkWatch Watch App.app in Embed Watch Content */ = {isa = PBXBuildFile; fileRef = 85FE7AD22F2B71C300DEC4BF /* WorkWalkWatch Watch App.app */; settings = {ATTRIBUTES = (RemoveHeadersOnCopy, ); }; };
/* End PBXBuildFile section */

/* Begin PBXContainerItemProxy section */
		85E4A8182F295298001B09B8 /* PBXContainerItemProxy */ = {
			isa = PBXContainerItemProxy;
			containerPortal = 854F1BC92F1C059000C69DDC /* Project object */;
			proxyType = 1;
			remoteGlobalIDString = 85E4A8052F295297001B09B8;
			remoteInfo = WorkWalkWidgetExtension;
		};
		85FE7ADA2F2B71C500DEC4BF /* PBXContainerItemProxy */ = {
			isa = PBXContainerItemProxy;
			containerPortal = 854F1BC92F1C059000C69DDC /* Project object */;
			proxyType = 1;
			remoteGlobalIDString = 85FE7AD12F2B71C300DEC4BF;
			remoteInfo = "WorkWalkWatch Watch App";
		};
/* End PBXContainerItemProxy section */

/* Begin PBXCopyFilesBuildPhase section */
		85E4A81F2F295298001B09B8 /* Embed Foundation Extensions */ = {
			isa = PBXCopyFilesBuildPhase;
			buildActionMask = 2147483647;
			dstPath = "";
			dstSubfolderSpec = 13;
			files = (
				85E4A81A2F295298001B09B8 /* WorkWalkWidgetExtension.appex in Embed Foundation Extensions */,
			);
			name = "Embed Foundation Extensions";
			runOnlyForDeploymentPostprocessing = 0;
		};
		85FE7AE02F2B71C500DEC4BF /* Embed Watch Content */ = {
			isa = PBXCopyFilesBuildPhase;
			buildActionMask = 2147483647;
			dstPath = "$(CONTENTS_FOLDER_PATH)/Watch";
			dstSubfolderSpec = 16;
			files = (
				85FE7ADC2F2B71C500DEC4BF /* WorkWalkWatch Watch App.app in Embed Watch Content */,
			);
			name = "Embed Watch Content";
			runOnlyForDeploymentPostprocessing = 0;
		};
/* End PBXCopyFilesBuildPhase section */

/* Begin PBXFileReference section */
		854F1BD12F1C059000C69DDC /* Work&Walk.app */ = {isa = PBXFileReference; explicitFileType = wrapper.application; includeInIndex = 0; path = "Work&Walk.app"; sourceTree = BUILT_PRODUCTS_DIR; };
		85E4A8062F295297001B09B8 /* WorkWalkWidgetExtension.appex */ = {isa = PBXFileReference; explicitFileType = "wrapper.app-extension"; includeInIndex = 0; path = WorkWalkWidgetExtension.appex; sourceTree = BUILT_PRODUCTS_DIR; };
		85E4A8082F295297001B09B8 /* WidgetKit.framework */ = {isa = PBXFileReference; lastKnownFileType = wrapper.framework; name = WidgetKit.framework; path = System/Library/Frameworks/WidgetKit.framework; sourceTree = SDKROOT; };
		85E4A80A2F295298001B09B8 /* SwiftUI.framework */ = {isa = PBXFileReference; lastKnownFileType = wrapper.framework; name = SwiftUI.framework; path = System/Library/Frameworks/SwiftUI.framework; sourceTree = SDKROOT; };
		85E4A8202F2953CC001B09B8 /* WorkWalkWidgetExtension.entitlements */ = {isa = PBXFileReference; lastKnownFileType = text.plist.entitlements; path = WorkWalkWidgetExtension.entitlements; sourceTree = "<group>"; };
		85FE7AD22F2B71C300DEC4BF /* WorkWalkWatch Watch App.app */ = {isa = PBXFileReference; explicitFileType = wrapper.application; includeInIndex = 0; path = "WorkWalkWatch Watch App.app"; sourceTree = BUILT_PRODUCTS_DIR; };
/* End PBXFileReference section */

/* Begin PBXFileSystemSynchronizedBuildFileExceptionSet section */
		85E4A81E2F295298001B09B8 /* Exceptions for "WorkWalkWidget" folder in "WorkWalkWidgetExtension" target */ = {
			isa = PBXFileSystemSynchronizedBuildFileExceptionSet;
			membershipExceptions = (
				Info.plist,
			);
			target = 85E4A8052F295297001B09B8 /* WorkWalkWidgetExtension */;
		};
		85E4A8282F2A053D001B09B8 /* Exceptions for "WorkWalkWidget" folder in "Work&Walk" target */ = {
			isa = PBXFileSystemSynchronizedBuildFileExceptionSet;
			membershipExceptions = (
				Assets.xcassets,
			);
			target = 854F1BD02F1C059000C69DDC /* Work&Walk */;
		};
		85E4A8412F2A0752001B09B8 /* Exceptions for "Work&Walk" folder in "WorkWalkWidgetExtension" target */ = {
			isa = PBXFileSystemSynchronizedBuildFileExceptionSet;
			membershipExceptions = (
				AnalysisView.swift,
				ContentView.swift,
				DashboardView.swift,
				HealthManager.swift,
				OnboardingView.swift,
				PlanningView.swift,
				SalaryView.swift,
				SettingsView.swift,
				ShareManager.swift,
				TrophiesView.swift,
				TrophyDetailView.swift,
				TrophyManager.swift,
				Work_WalkApp.swift,
			);
			target = 85E4A8052F295297001B09B8 /* WorkWalkWidgetExtension */;
		};
		85FE7AE22F2B721500DEC4BF /* Exceptions for "Work&Walk" folder in "WorkWalkWatch Watch App" target */ = {
			isa = PBXFileSystemSynchronizedBuildFileExceptionSet;
			membershipExceptions = (
				HealthManager.swift,
				SharedModels.swift,
			);
			target = 85FE7AD12F2B71C300DEC4BF /* WorkWalkWatch Watch App */;
		};
/* End PBXFileSystemSynchronizedBuildFileExceptionSet section */

/* Begin PBXFileSystemSynchronizedRootGroup section */
		854F1BD32F1C059000C69DDC /* Work&Walk */ = {
			isa = PBXFileSystemSynchronizedRootGroup;
			exceptions = (
				85E4A8412F2A0752001B09B8 /* Exceptions for "Work&Walk" folder in "WorkWalkWidgetExtension" target */,
				85FE7AE22F2B721500DEC4BF /* Exceptions for "Work&Walk" folder in "WorkWalkWatch Watch App" target */,
			);
			path = "Work&Walk";
			sourceTree = "<group>";
		};
		85E4A80C2F295298001B09B8 /* WorkWalkWidget */ = {
			isa = PBXFileSystemSynchronizedRootGroup;
			exceptions = (
				85E4A8282F2A053D001B09B8 /* Exceptions for "WorkWalkWidget" folder in "Work&Walk" target */,
				85E4A81E2F295298001B09B8 /* Exceptions for "WorkWalkWidget" folder in "WorkWalkWidgetExtension" target */,
			);
			path = WorkWalkWidget;
			sourceTree = "<group>";
		};
		85FE7AD32F2B71C300DEC4BF /* WorkWalkWatch Watch App */ = {
			isa = PBXFileSystemSynchronizedRootGroup;
			path = "WorkWalkWatch Watch App";
			sourceTree = "<group>";
		};
/* End PBXFileSystemSynchronizedRootGroup section */

/* Begin PBXFrameworksBuildPhase section */
		854F1BCE2F1C059000C69DDC /* Frameworks */ = {
			isa = PBXFrameworksBuildPhase;
			buildActionMask = 2147483647;
			files = (
			);
			runOnlyForDeploymentPostprocessing = 0;
		};
		85E4A8032F295297001B09B8 /* Frameworks */ = {
			isa = PBXFrameworksBuildPhase;
			buildActionMask = 2147483647;
			files = (
				85E4A80B2F295298001B09B8 /* SwiftUI.framework in Frameworks */,
				85E4A8092F295298001B09B8 /* WidgetKit.framework in Frameworks */,
			);
			runOnlyForDeploymentPostprocessing = 0;
		};
		85FE7ACF2F2B71C300DEC4BF /* Frameworks */ = {
			isa = PBXFrameworksBuildPhase;
			buildActionMask = 2147483647;
			files = (
			);
			runOnlyForDeploymentPostprocessing = 0;
		};
/* End PBXFrameworksBuildPhase section */

/* Begin PBXGroup section */
		854F1BC82F1C059000C69DDC = {
			isa = PBXGroup;
			children = (
				85E4A8202F2953CC001B09B8 /* WorkWalkWidgetExtension.entitlements */,
				854F1BD32F1C059000C69DDC /* Work&Walk */,
				85E4A80C2F295298001B09B8 /* WorkWalkWidget */,
				85FE7AD32F2B71C300DEC4BF /* WorkWalkWatch Watch App */,
				85E4A8072F295297001B09B8 /* Frameworks */,
				854F1BD22F1C059000C69DDC /* Products */,
			);
			sourceTree = "<group>";
		};
		854F1BD22F1C059000C69DDC /* Products */ = {
			isa = PBXGroup;
			children = (
				854F1BD12F1C059000C69DDC /* Work&Walk.app */,
				85E4A8062F295297001B09B8 /* WorkWalkWidgetExtension.appex */,
				85FE7AD22F2B71C300DEC4BF /* WorkWalkWatch Watch App.app */,
			);
			name = Products;
			sourceTree = "<group>";
		};
		85E4A8072F295297001B09B8 /* Frameworks */ = {
			isa = PBXGroup;
			children = (
				85E4A8082F295297001B09B8 /* WidgetKit.framework */,
				85E4A80A2F295298001B09B8 /* SwiftUI.framework */,
			);
			name = Frameworks;
			sourceTree = "<group>";
		};
/* End PBXGroup section */

/* Begin PBXNativeTarget section */
		854F1BD02F1C059000C69DDC /* Work&Walk */ = {
			isa = PBXNativeTarget;
			buildConfigurationList = 854F1BDE2F1C059100C69DDC /* Build configuration list for PBXNativeTarget "Work&Walk" */;
			buildPhases = (
				854F1BCD2F1C059000C69DDC /* Sources */,
				854F1BCE2F1C059000C69DDC /* Frameworks */,
				854F1BCF2F1C059000C69DDC /* Resources */,
				85E4A81F2F295298001B09B8 /* Embed Foundation Extensions */,
				85FE7AE02F2B71C500DEC4BF /* Embed Watch Content */,
			);
			buildRules = (
			);
			dependencies = (
				85E4A8192F295298001B09B8 /* PBXTargetDependency */,
				85FE7ADB2F2B71C500DEC4BF /* PBXTargetDependency */,
			);
			fileSystemSynchronizedGroups = (
				854F1BD32F1C059000C69DDC /* Work&Walk */,
			);
			name = "Work&Walk";
			packageProductDependencies = (
			);
			productName = "Work&Walk";
			productReference = 854F1BD12F1C059000C69DDC /* Work&Walk.app */;
			productType = "com.apple.product-type.application";
		};
		85E4A8052F295297001B09B8 /* WorkWalkWidgetExtension */ = {
			isa = PBXNativeTarget;
			buildConfigurationList = 85E4A81B2F295298001B09B8 /* Build configuration list for PBXNativeTarget "WorkWalkWidgetExtension" */;
			buildPhases = (
				85E4A8022F295297001B09B8 /* Sources */,
				85E4A8032F295297001B09B8 /* Frameworks */,
				85E4A8042F295297001B09B8 /* Resources */,
			);
			buildRules = (
			);
			dependencies = (
			);
			fileSystemSynchronizedGroups = (
				854F1BD32F1C059000C69DDC /* Work&Walk */,
				85E4A80C2F295298001B09B8 /* WorkWalkWidget */,
			);
			name = WorkWalkWidgetExtension;
			packageProductDependencies = (
			);
			productName = WorkWalkWidgetExtension;
			productReference = 85E4A8062F295297001B09B8 /* WorkWalkWidgetExtension.appex */;
			productType = "com.apple.product-type.app-extension";
		};
		85FE7AD12F2B71C300DEC4BF /* WorkWalkWatch Watch App */ = {
			isa = PBXNativeTarget;
			buildConfigurationList = 85FE7ADD2F2B71C500DEC4BF /* Build configuration list for PBXNativeTarget "WorkWalkWatch Watch App" */;
			buildPhases = (
				85FE7ACE2F2B71C300DEC4BF /* Sources */,
				85FE7ACF2F2B71C300DEC4BF /* Frameworks */,
				85FE7AD02F2B71C300DEC4BF /* Resources */,
			);
			buildRules = (
			);
			dependencies = (
			);
			fileSystemSynchronizedGroups = (
				85FE7AD32F2B71C300DEC4BF /* WorkWalkWatch Watch App */,
			);
			name = "WorkWalkWatch Watch App";
			packageProductDependencies = (
			);
			productName = "WorkWalkWatch Watch App";
			productReference = 85FE7AD22F2B71C300DEC4BF /* WorkWalkWatch Watch App.app */;
			productType = "com.apple.product-type.application";
		};
/* End PBXNativeTarget section */

/* Begin PBXProject section */
		854F1BC92F1C059000C69DDC /* Project object */ = {
			isa = PBXProject;
			attributes = {
				BuildIndependentTargetsInParallel = 1;
				LastSwiftUpdateCheck = 2620;
				LastUpgradeCheck = 2620;
				TargetAttributes = {
					854F1BD02F1C059000C69DDC = {
						CreatedOnToolsVersion = 26.2;
					};
					85E4A8052F295297001B09B8 = {
						CreatedOnToolsVersion = 26.2;
					};
					85FE7AD12F2B71C300DEC4BF = {
						CreatedOnToolsVersion = 26.2;
					};
				};
			};
			buildConfigurationList = 854F1BCC2F1C059000C69DDC /* Build configuration list for PBXProject "Work&Walk" */;
			developmentRegion = fr;
			hasScannedForEncodings = 0;
			knownRegions = (
				en,
				Base,
				fr,
			);
			mainGroup = 854F1BC82F1C059000C69DDC;
			minimizedProjectReferenceProxies = 1;
			preferredProjectObjectVersion = 77;
			productRefGroup = 854F1BD22F1C059000C69DDC /* Products */;
			projectDirPath = "";
			projectRoot = "";
			targets = (
				854F1BD02F1C059000C69DDC /* Work&Walk */,
				85E4A8052F295297001B09B8 /* WorkWalkWidgetExtension */,
				85FE7AD12F2B71C300DEC4BF /* WorkWalkWatch Watch App */,
			);
		};
/* End PBXProject section */

/* Begin PBXResourcesBuildPhase section */
		854F1BCF2F1C059000C69DDC /* Resources */ = {
			isa = PBXResourcesBuildPhase;
			buildActionMask = 2147483647;
			files = (
			);
			runOnlyForDeploymentPostprocessing = 0;
		};
		85E4A8042F295297001B09B8 /* Resources */ = {
			isa = PBXResourcesBuildPhase;
			buildActionMask = 2147483647;
			files = (
			);
			runOnlyForDeploymentPostprocessing = 0;
		};
		85FE7AD02F2B71C300DEC4BF /* Resources */ = {
			isa = PBXResourcesBuildPhase;
			buildActionMask = 2147483647;
			files = (
			);
			runOnlyForDeploymentPostprocessing = 0;
		};
/* End PBXResourcesBuildPhase section */

/* Begin PBXSourcesBuildPhase section */
		854F1BCD2F1C059000C69DDC /* Sources */ = {
			isa = PBXSourcesBuildPhase;
			buildActionMask = 2147483647;
			files = (
			);
			runOnlyForDeploymentPostprocessing = 0;
		};
		85E4A8022F295297001B09B8 /* Sources */ = {
			isa = PBXSourcesBuildPhase;
			buildActionMask = 2147483647;
			files = (
			);
			runOnlyForDeploymentPostprocessing = 0;
		};
		85FE7ACE2F2B71C300DEC4BF /* Sources */ = {
			isa = PBXSourcesBuildPhase;
			buildActionMask = 2147483647;
			files = (
			);
			runOnlyForDeploymentPostprocessing = 0;
		};
/* End PBXSourcesBuildPhase section */

/* Begin PBXTargetDependency section */
		85E4A8192F295298001B09B8 /* PBXTargetDependency */ = {
			isa = PBXTargetDependency;
			target = 85E4A8052F295297001B09B8 /* WorkWalkWidgetExtension */;
			targetProxy = 85E4A8182F295298001B09B8 /* PBXContainerItemProxy */;
		};
		85FE7ADB2F2B71C500DEC4BF /* PBXTargetDependency */ = {
			isa = PBXTargetDependency;
			target = 85FE7AD12F2B71C300DEC4BF /* WorkWalkWatch Watch App */;
			targetProxy = 85FE7ADA2F2B71C500DEC4BF /* PBXContainerItemProxy */;
		};
/* End PBXTargetDependency section */

/* Begin XCBuildConfiguration section */
		854F1BDC2F1C059100C69DDC /* Debug */ = {
			isa = XCBuildConfiguration;
			buildSettings = {
				ALWAYS_SEARCH_USER_PATHS = NO;
				ASSETCATALOG_COMPILER_GENERATE_SWIFT_ASSET_SYMBOL_EXTENSIONS = YES;
				CLANG_ANALYZER_NONNULL = YES;
				CLANG_ANALYZER_NUMBER_OBJECT_CONVERSION = YES_AGGRESSIVE;
				CLANG_CXX_LANGUAGE_STANDARD = "gnu++20";
				CLANG_ENABLE_MODULES = YES;
				CLANG_ENABLE_OBJC_ARC = YES;
				CLANG_ENABLE_OBJC_WEAK = YES;
				CLANG_WARN_BLOCK_CAPTURE_AUTORELEASING = YES;
				CLANG_WARN_BOOL_CONVERSION = YES;
				CLANG_WARN_COMMA = YES;
				CLANG_WARN_CONSTANT_CONVERSION = YES;
				CLANG_WARN_DEPRECATED_OBJC_IMPLEMENTATIONS = YES;
				CLANG_WARN_DIRECT_OBJC_ISA_USAGE = YES_ERROR;
				CLANG_WARN_DOCUMENTATION_COMMENTS = YES;
				CLANG_WARN_EMPTY_BODY = YES;
				CLANG_WARN_ENUM_CONVERSION = YES;
				CLANG_WARN_INFINITE_RECURSION = YES;
				CLANG_WARN_INT_CONVERSION = YES;
				CLANG_WARN_NON_LITERAL_NULL_CONVERSION = YES;
				CLANG_WARN_OBJC_IMPLICIT_RETAIN_SELF = YES;
				CLANG_WARN_OBJC_LITERAL_CONVERSION = YES;
				CLANG_WARN_OBJC_ROOT_CLASS = YES_ERROR;
				CLANG_WARN_QUOTED_INCLUDE_IN_FRAMEWORK_HEADER = YES;
				CLANG_WARN_RANGE_LOOP_ANALYSIS = YES;
				CLANG_WARN_STRICT_PROTOTYPES = YES;
				CLANG_WARN_SUSPICIOUS_MOVE = YES;
				CLANG_WARN_UNGUARDED_AVAILABILITY = YES_AGGRESSIVE;
				CLANG_WARN_UNREACHABLE_CODE = YES;
				CLANG_WARN__DUPLICATE_METHOD_MATCH = YES;
				COPY_PHASE_STRIP = NO;
				DEBUG_INFORMATION_FORMAT = dwarf;
				DEVELOPMENT_TEAM = 3UA2286B3F;
				ENABLE_STRICT_OBJC_MSGSEND = YES;
				ENABLE_TESTABILITY = YES;
				ENABLE_USER_SCRIPT_SANDBOXING = YES;
				GCC_C_LANGUAGE_STANDARD = gnu17;
				GCC_DYNAMIC_NO_PIC = NO;
				GCC_NO_COMMON_BLOCKS = YES;
				GCC_OPTIMIZATION_LEVEL = 0;
				GCC_PREPROCESSOR_DEFINITIONS = (
					"DEBUG=1",
					"$(inherited)",
				);
				GCC_WARN_64_TO_32_BIT_CONVERSION = YES;
				GCC_WARN_ABOUT_RETURN_TYPE = YES_ERROR;
				GCC_WARN_UNDECLARED_SELECTOR = YES;
				GCC_WARN_UNINITIALIZED_AUTOS = YES_AGGRESSIVE;
				GCC_WARN_UNUSED_FUNCTION = YES;
				GCC_WARN_UNUSED_VARIABLE = YES;
				IPHONEOS_DEPLOYMENT_TARGET = 26.2;
				LOCALIZATION_PREFERS_STRING_CATALOGS = YES;
				MTL_ENABLE_DEBUG_INFO = INCLUDE_SOURCE;
				MTL_FAST_MATH = YES;
				ONLY_ACTIVE_ARCH = YES;
				SDKROOT = iphoneos;
				SWIFT_ACTIVE_COMPILATION_CONDITIONS = "DEBUG $(inherited)";
				SWIFT_EMIT_LOC_STRINGS = YES;
				SWIFT_OPTIMIZATION_LEVEL = "-Onone";
			};
			name = Debug;
		};
		854F1BDD2F1C059100C69DDC /* Release */ = {
			isa = XCBuildConfiguration;
			buildSettings = {
				ALWAYS_SEARCH_USER_PATHS = NO;
				ASSETCATALOG_COMPILER_GENERATE_SWIFT_ASSET_SYMBOL_EXTENSIONS = YES;
				CLANG_ANALYZER_NONNULL = YES;
				CLANG_ANALYZER_NUMBER_OBJECT_CONVERSION = YES_AGGRESSIVE;
				CLANG_CXX_LANGUAGE_STANDARD = "gnu++20";
				CLANG_ENABLE_MODULES = YES;
				CLANG_ENABLE_OBJC_ARC = YES;
				CLANG_ENABLE_OBJC_WEAK = YES;
				CLANG_WARN_BLOCK_CAPTURE_AUTORELEASING = YES;
				CLANG_WARN_BOOL_CONVERSION = YES;
				CLANG_WARN_COMMA = YES;
				CLANG_WARN_CONSTANT_CONVERSION = YES;
				CLANG_WARN_DEPRECATED_OBJC_IMPLEMENTATIONS = YES;
				CLANG_WARN_DIRECT_OBJC_ISA_USAGE = YES_ERROR;
				CLANG_WARN_DOCUMENTATION_COMMENTS = YES;
				CLANG_WARN_EMPTY_BODY = YES;
				CLANG_WARN_ENUM_CONVERSION = YES;
				CLANG_WARN_INFINITE_RECURSION = YES;
				CLANG_WARN_INT_CONVERSION = YES;
				CLANG_WARN_NON_LITERAL_NULL_CONVERSION = YES;
				CLANG_WARN_OBJC_IMPLICIT_RETAIN_SELF = YES;
				CLANG_WARN_OBJC_LITERAL_CONVERSION = YES;
				CLANG_WARN_OBJC_ROOT_CLASS = YES_ERROR;
				CLANG_WARN_QUOTED_INCLUDE_IN_FRAMEWORK_HEADER = YES;
				CLANG_WARN_RANGE_LOOP_ANALYSIS = YES;
				CLANG_WARN_STRICT_PROTOTYPES = YES;
				CLANG_WARN_SUSPICIOUS_MOVE = YES;
				CLANG_WARN_UNGUARDED_AVAILABILITY = YES_AGGRESSIVE;
				CLANG_WARN_UNREACHABLE_CODE = YES;
				CLANG_WARN__DUPLICATE_METHOD_MATCH = YES;
				COPY_PHASE_STRIP = NO;
				DEBUG_INFORMATION_FORMAT = "dwarf-with-dsym";
				DEVELOPMENT_TEAM = 3UA2286B3F;
				ENABLE_NS_ASSERTIONS = NO;
				ENABLE_STRICT_OBJC_MSGSEND = YES;
				ENABLE_USER_SCRIPT_SANDBOXING = YES;
				GCC_C_LANGUAGE_STANDARD = gnu17;
				GCC_NO_COMMON_BLOCKS = YES;
				GCC_WARN_64_TO_32_BIT_CONVERSION = YES;
				GCC_WARN_ABOUT_RETURN_TYPE = YES_ERROR;
				GCC_WARN_UNDECLARED_SELECTOR = YES;
				GCC_WARN_UNINITIALIZED_AUTOS = YES_AGGRESSIVE;
				GCC_WARN_UNUSED_FUNCTION = YES;
				GCC_WARN_UNUSED_VARIABLE = YES;
				IPHONEOS_DEPLOYMENT_TARGET = 26.2;
				LOCALIZATION_PREFERS_STRING_CATALOGS = YES;
				MTL_ENABLE_DEBUG_INFO = NO;
				MTL_FAST_MATH = YES;
				SDKROOT = iphoneos;
				SWIFT_COMPILATION_MODE = wholemodule;
				SWIFT_EMIT_LOC_STRINGS = YES;
				VALIDATE_PRODUCT = YES;
			};
			name = Release;
		};
		854F1BDF2F1C059100C69DDC /* Debug */ = {
			isa = XCBuildConfiguration;
			buildSettings = {
				ASSETCATALOG_COMPILER_APPICON_NAME = AppIcon;
				ASSETCATALOG_COMPILER_GLOBAL_ACCENT_COLOR_NAME = AccentColor;
				CODE_SIGN_ENTITLEMENTS = "Work&Walk/Work&Walk.entitlements";
				CODE_SIGN_STYLE = Automatic;
				CURRENT_PROJECT_VERSION = 1;
				DEVELOPMENT_TEAM = 3UA2286B3F;
				ENABLE_PREVIEWS = YES;
				GENERATE_INFOPLIST_FILE = YES;
				INFOPLIST_KEY_NSHealthShareUsageDescription = "J'ai besoin de lire tes données pour les comparer à tes horaires.";
				INFOPLIST_KEY_NSHealthUpdateUsageDescription = "J'ai besoin d'écrire des données.";
				INFOPLIST_KEY_UIApplicationSceneManifest_Generation = YES;
				INFOPLIST_KEY_UIApplicationSupportsIndirectInputEvents = YES;
				INFOPLIST_KEY_UILaunchScreen_Generation = YES;
				INFOPLIST_KEY_UISupportedInterfaceOrientations_iPad = "UIInterfaceOrientationPortrait UIInterfaceOrientationPortraitUpsideDown UIInterfaceOrientationLandscapeLeft UIInterfaceOrientationLandscapeRight";
				INFOPLIST_KEY_UISupportedInterfaceOrientations_iPhone = "UIInterfaceOrientationPortrait UIInterfaceOrientationLandscapeLeft UIInterfaceOrientationLandscapeRight";
				LD_RUNPATH_SEARCH_PATHS = (
					"$(inherited)",
					"@executable_path/Frameworks",
				);
				MARKETING_VERSION = 1.0;
				PRODUCT_BUNDLE_IDENTIFIER = "alan.Work-Walk";
				PRODUCT_NAME = "$(TARGET_NAME)";
				STRING_CATALOG_GENERATE_SYMBOLS = YES;
				SWIFT_APPROACHABLE_CONCURRENCY = YES;
				SWIFT_DEFAULT_ACTOR_ISOLATION = MainActor;
				SWIFT_EMIT_LOC_STRINGS = YES;
				SWIFT_UPCOMING_FEATURE_MEMBER_IMPORT_VISIBILITY = YES;
				SWIFT_VERSION = 5.0;
				TARGETED_DEVICE_FAMILY = "1,2";
			};
			name = Debug;
		};
		854F1BE02F1C059100C69DDC /* Release */ = {
			isa = XCBuildConfiguration;
			buildSettings = {
				ASSETCATALOG_COMPILER_APPICON_NAME = AppIcon;
				ASSETCATALOG_COMPILER_GLOBAL_ACCENT_COLOR_NAME = AccentColor;
				CODE_SIGN_ENTITLEMENTS = "Work&Walk/Work&Walk.entitlements";
				CODE_SIGN_STYLE = Automatic;
				CURRENT_PROJECT_VERSION = 1;
				DEVELOPMENT_TEAM = 3UA2286B3F;
				ENABLE_PREVIEWS = YES;
				GENERATE_INFOPLIST_FILE = YES;
				INFOPLIST_KEY_NSHealthShareUsageDescription = "J'ai besoin de lire tes données pour les comparer à tes horaires.";
				INFOPLIST_KEY_NSHealthUpdateUsageDescription = "J'ai besoin d'écrire des données.";
				INFOPLIST_KEY_UIApplicationSceneManifest_Generation = YES;
				INFOPLIST_KEY_UIApplicationSupportsIndirectInputEvents = YES;
				INFOPLIST_KEY_UILaunchScreen_Generation = YES;
				INFOPLIST_KEY_UISupportedInterfaceOrientations_iPad = "UIInterfaceOrientationPortrait UIInterfaceOrientationPortraitUpsideDown UIInterfaceOrientationLandscapeLeft UIInterfaceOrientationLandscapeRight";
				INFOPLIST_KEY_UISupportedInterfaceOrientations_iPhone = "UIInterfaceOrientationPortrait UIInterfaceOrientationLandscapeLeft UIInterfaceOrientationLandscapeRight";
				LD_RUNPATH_SEARCH_PATHS = (
					"$(inherited)",
					"@executable_path/Frameworks",
				);
				MARKETING_VERSION = 1.0;
				PRODUCT_BUNDLE_IDENTIFIER = "alan.Work-Walk";
				PRODUCT_NAME = "$(TARGET_NAME)";
				STRING_CATALOG_GENERATE_SYMBOLS = YES;
				SWIFT_APPROACHABLE_CONCURRENCY = YES;
				SWIFT_DEFAULT_ACTOR_ISOLATION = MainActor;
				SWIFT_EMIT_LOC_STRINGS = YES;
				SWIFT_UPCOMING_FEATURE_MEMBER_IMPORT_VISIBILITY = YES;
				SWIFT_VERSION = 5.0;
				TARGETED_DEVICE_FAMILY = "1,2";
			};
			name = Release;
		};
		85E4A81C2F295298001B09B8 /* Debug */ = {
			isa = XCBuildConfiguration;
			buildSettings = {
				ASSETCATALOG_COMPILER_GLOBAL_ACCENT_COLOR_NAME = AccentColor;
				ASSETCATALOG_COMPILER_WIDGET_BACKGROUND_COLOR_NAME = WidgetBackground;
				CODE_SIGN_ENTITLEMENTS = WorkWalkWidgetExtension.entitlements;
				CODE_SIGN_STYLE = Automatic;
				CURRENT_PROJECT_VERSION = 1;
				DEVELOPMENT_TEAM = 3UA2286B3F;
				GENERATE_INFOPLIST_FILE = YES;
				INFOPLIST_FILE = WorkWalkWidget/Info.plist;
				INFOPLIST_KEY_CFBundleDisplayName = WorkWalkWidget;
				INFOPLIST_KEY_NSHumanReadableCopyright = "";
				LD_RUNPATH_SEARCH_PATHS = (
					"$(inherited)",
					"@executable_path/Frameworks",
					"@executable_path/../../Frameworks",
				);
				MARKETING_VERSION = 1.0;
				PRODUCT_BUNDLE_IDENTIFIER = "alan.Work-Walk.WorkWalkWidget";
				PRODUCT_NAME = "$(TARGET_NAME)";
				SKIP_INSTALL = YES;
				STRING_CATALOG_GENERATE_SYMBOLS = YES;
				SWIFT_APPROACHABLE_CONCURRENCY = YES;
				SWIFT_EMIT_LOC_STRINGS = YES;
				SWIFT_UPCOMING_FEATURE_MEMBER_IMPORT_VISIBILITY = YES;
				SWIFT_VERSION = 5.0;
				TARGETED_DEVICE_FAMILY = "1,2";
			};
			name = Debug;
		};
		85E4A81D2F295298001B09B8 /* Release */ = {
			isa = XCBuildConfiguration;
			buildSettings = {
				ASSETCATALOG_COMPILER_GLOBAL_ACCENT_COLOR_NAME = AccentColor;
				ASSETCATALOG_COMPILER_WIDGET_BACKGROUND_COLOR_NAME = WidgetBackground;
				CODE_SIGN_ENTITLEMENTS = WorkWalkWidgetExtension.entitlements;
				CODE_SIGN_STYLE = Automatic;
				CURRENT_PROJECT_VERSION = 1;
				DEVELOPMENT_TEAM = 3UA2286B3F;
				GENERATE_INFOPLIST_FILE = YES;
				INFOPLIST_FILE = WorkWalkWidget/Info.plist;
				INFOPLIST_KEY_CFBundleDisplayName = WorkWalkWidget;
				INFOPLIST_KEY_NSHumanReadableCopyright = "";
				LD_RUNPATH_SEARCH_PATHS = (
					"$(inherited)",
					"@executable_path/Frameworks",
					"@executable_path/../../Frameworks",
				);
				MARKETING_VERSION = 1.0;
				PRODUCT_BUNDLE_IDENTIFIER = "alan.Work-Walk.WorkWalkWidget";
				PRODUCT_NAME = "$(TARGET_NAME)";
				SKIP_INSTALL = YES;
				STRING_CATALOG_GENERATE_SYMBOLS = YES;
				SWIFT_APPROACHABLE_CONCURRENCY = YES;
				SWIFT_EMIT_LOC_STRINGS = YES;
				SWIFT_UPCOMING_FEATURE_MEMBER_IMPORT_VISIBILITY = YES;
				SWIFT_VERSION = 5.0;
				TARGETED_DEVICE_FAMILY = "1,2";
			};
			name = Release;
		};
		85FE7ADE2F2B71C500DEC4BF /* Debug */ = {
			isa = XCBuildConfiguration;
			buildSettings = {
				ASSETCATALOG_COMPILER_APPICON_NAME = AppIcon;
				ASSETCATALOG_COMPILER_GLOBAL_ACCENT_COLOR_NAME = AccentColor;
				CODE_SIGN_STYLE = Automatic;
				CURRENT_PROJECT_VERSION = 1;
				DEVELOPMENT_TEAM = 3UA2286B3F;
				ENABLE_PREVIEWS = YES;
				GENERATE_INFOPLIST_FILE = YES;
				INFOPLIST_KEY_CFBundleDisplayName = WorkWalkWatch;
				INFOPLIST_KEY_NSHealthShareUsageDescription = "Pour compter vos pas pendant le travail.";
				INFOPLIST_KEY_NSHealthUpdateUsageDescription = "Pour sauvegarder vos sessions.";
				INFOPLIST_KEY_UISupportedInterfaceOrientations = "UIInterfaceOrientationPortrait UIInterfaceOrientationPortraitUpsideDown";
				INFOPLIST_KEY_WKCompanionAppBundleIdentifier = "alan.Work-Walk";
				LD_RUNPATH_SEARCH_PATHS = (
					"$(inherited)",
					"@executable_path/Frameworks",
				);
				MARKETING_VERSION = 1.0;
				PRODUCT_BUNDLE_IDENTIFIER = "alan.Work-Walk.watchkitapp";
				PRODUCT_NAME = "$(TARGET_NAME)";
				SDKROOT = watchos;
				SKIP_INSTALL = YES;
				STRING_CATALOG_GENERATE_SYMBOLS = YES;
				SWIFT_APPROACHABLE_CONCURRENCY = YES;
				SWIFT_DEFAULT_ACTOR_ISOLATION = MainActor;
				SWIFT_EMIT_LOC_STRINGS = YES;
				SWIFT_UPCOMING_FEATURE_MEMBER_IMPORT_VISIBILITY = YES;
				SWIFT_VERSION = 5.0;
				TARGETED_DEVICE_FAMILY = 4;
				WATCHOS_DEPLOYMENT_TARGET = 26.2;
			};
			name = Debug;
		};
		85FE7ADF2F2B71C500DEC4BF /* Release */ = {
			isa = XCBuildConfiguration;
			buildSettings = {
				ASSETCATALOG_COMPILER_APPICON_NAME = AppIcon;
				ASSETCATALOG_COMPILER_GLOBAL_ACCENT_COLOR_NAME = AccentColor;
				CODE_SIGN_STYLE = Automatic;
				CURRENT_PROJECT_VERSION = 1;
				DEVELOPMENT_TEAM = 3UA2286B3F;
				ENABLE_PREVIEWS = YES;
				GENERATE_INFOPLIST_FILE = YES;
				INFOPLIST_KEY_CFBundleDisplayName = WorkWalkWatch;
				INFOPLIST_KEY_NSHealthShareUsageDescription = "Pour compter vos pas pendant le travail.";
				INFOPLIST_KEY_NSHealthUpdateUsageDescription = "Pour sauvegarder vos sessions.";
				INFOPLIST_KEY_UISupportedInterfaceOrientations = "UIInterfaceOrientationPortrait UIInterfaceOrientationPortraitUpsideDown";
				INFOPLIST_KEY_WKCompanionAppBundleIdentifier = "alan.Work-Walk";
				LD_RUNPATH_SEARCH_PATHS = (
					"$(inherited)",
					"@executable_path/Frameworks",
				);
				MARKETING_VERSION = 1.0;
				PRODUCT_BUNDLE_IDENTIFIER = "alan.Work-Walk.watchkitapp";
				PRODUCT_NAME = "$(TARGET_NAME)";
				SDKROOT = watchos;
				SKIP_INSTALL = YES;
				STRING_CATALOG_GENERATE_SYMBOLS = YES;
				SWIFT_APPROACHABLE_CONCURRENCY = YES;
				SWIFT_DEFAULT_ACTOR_ISOLATION = MainActor;
				SWIFT_EMIT_LOC_STRINGS = YES;
				SWIFT_UPCOMING_FEATURE_MEMBER_IMPORT_VISIBILITY = YES;
				SWIFT_VERSION = 5.0;
				TARGETED_DEVICE_FAMILY = 4;
				WATCHOS_DEPLOYMENT_TARGET = 26.2;
			};
			name = Release;
		};
/* End XCBuildConfiguration section */

/* Begin XCConfigurationList section */
		854F1BCC2F1C059000C69DDC /* Build configuration list for PBXProject "Work&Walk" */ = {
			isa = XCConfigurationList;
			buildConfigurations = (
				854F1BDC2F1C059100C69DDC /* Debug */,
				854F1BDD2F1C059100C69DDC /* Release */,
			);
			defaultConfigurationIsVisible = 0;
			defaultConfigurationName = Release;
		};
		854F1BDE2F1C059100C69DDC /* Build configuration list for PBXNativeTarget "Work&Walk" */ = {
			isa = XCConfigurationList;
			buildConfigurations = (
				854F1BDF2F1C059100C69DDC /* Debug */,
				854F1BE02F1C059100C69DDC /* Release */,
			);
			defaultConfigurationIsVisible = 0;
			defaultConfigurationName = Release;
		};
		85E4A81B2F295298001B09B8 /* Build configuration list for PBXNativeTarget "WorkWalkWidgetExtension" */ = {
			isa = XCConfigurationList;
			buildConfigurations = (
				85E4A81C2F295298001B09B8 /* Debug */,
				85E4A81D2F295298001B09B8 /* Release */,
			);
			defaultConfigurationIsVisible = 0;
			defaultConfigurationName = Release;
		};
		85FE7ADD2F2B71C500DEC4BF /* Build configuration list for PBXNativeTarget "WorkWalkWatch Watch App" */ = {
			isa = XCConfigurationList;
			buildConfigurations = (
				85FE7ADE2F2B71C500DEC4BF /* Debug */,
				85FE7ADF2F2B71C500DEC4BF /* Release */,
			);
			defaultConfigurationIsVisible = 0;
			defaultConfigurationName = Release;
		};
/* End XCConfigurationList section */
	};
	rootObject = 854F1BC92F1C059000C69DDC /* Project object */;
}
